# This file is automatically @generated by Poetry 1.7.1 and should not be changed by hand.

[[package]]
name = "duckdb"
version = "1.4.1"
description = "DuckDB in-process database"
optional = false
python-versions = ">=3.9.0"
files = [
    {file = "duckdb-1.4.1-cp310-cp310-macosx_10_9_universal2.whl", hash = "sha256:296b4fff3908fb4c47b0aa1d77bd1933375e75401009d2dc81af8e7a0b8a05b4"},
    {file = "duckdb-1.4.1-cp310-cp310-macosx_10_9_x86_64.whl", hash = "sha256:0b4182800092115feee5d71a8691efb283d3c9f5eb0b36362b308ef007a12222"},
    {file = "duckdb-1.4.1-cp310-cp310-macosx_11_0_arm64.whl", hash = "sha256:67cc3b6c7f7ba07a69e9331b8ccea7a60cbcd4204bb473e5da9b71588bd2eca9"},
    {file = "duckdb-1.4.1-cp310-cp310-manylinux_2_27_aarch64.manylinux_2_28_aarch64.whl", hash = "sha256:0cef0cee7030b561640cb9af718f8841b19cdd2aa020d53561057b5743bea90b"},
    {file = "duckdb-1.4.1-cp310-cp310-manylinux_2_27_x86_64.manylinux_2_28_x86_64.whl", hash = "sha256:2bf93347f37a46bacce6ac859d651dbf5731e2c94a64ab358300425b09e3de23"},
    {file = "duckdb-1.4.1-cp310-cp310-win_amd64.whl", hash = "sha256:2e60d2361f978908a3d96eebaf1f4b346f283afcc467351aae50ea45ca293a2b"},
    {file = "duckdb-1.4.1-cp311-cp311-macosx_10_9_universal2.whl", hash = "sha256:605d563c1d5203ca992497cd33fb386ac3d533deca970f9dcf539f62a34e22a9"},
    {file = "duckdb-1.4.1-cp311-cp311-macosx_10_9_x86_64.whl", hash = "sha256:d3305c7c4b70336171de7adfdb50431f23671c000f11839b580c4201d9ce6ef5"},
    {file = "duckdb-1.4.1-cp311-cp311-macosx_11_0_arm64.whl", hash = "sha256:a063d6febbe34b32f1ad2e68822db4d0e4b1102036f49aaeeb22b844427a75df"},
    {file = "duckdb-1.4.1-cp311-cp311-manylinux_2_27_aarch64.manylinux_2_28_aarch64.whl", hash = "sha256:d1ffcaaf74f7d1df3684b54685cbf8d3ce732781c541def8e1ced304859733ae"},
    {file = "duckdb-1.4.1-cp311-cp311-manylinux_2_27_x86_64.manylinux_2_28_x86_64.whl", hash = "sha256:685d3d1599dc08160e0fa0cf09e93ac4ff8b8ed399cb69f8b5391cd46b5b207c"},
    {file = "duckdb-1.4.1-cp311-cp311-win_amd64.whl", hash = "sha256:78f1d28a15ae73bd449c43f80233732adffa49be1840a32de8f1a6bb5b286764"},
    {file = "duckdb-1.4.1-cp312-cp312-macosx_10_13_universal2.whl", hash = "sha256:cd1765a7d180b7482874586859fc23bc9969d7d6c96ced83b245e6c6f49cde7f"},
    {file = "duckdb-1.4.1-cp312-cp312-macosx_10_13_x86_64.whl", hash = "sha256:8ed7a86725185470953410823762956606693c0813bb64e09c7d44dbd9253a64"},
    {file = "duckdb-1.4.1-cp312-cp312-macosx_11_0_arm64.whl", hash = "sha256:8a189bdfc64cfb9cc1adfbe4f2dcfde0a4992ec08505ad8ce33c886e4813f0bf"},
    {file = "duckdb-1.4.1-cp312-cp312-manylinux_2_27_aarch64.manylinux_2_28_aarch64.whl", hash = "sha256:a9090089b6486f7319c92acdeed8acda022d4374032d78a465956f50fc52fabf"},
    {file = "duckdb-1.4.1-cp312-cp312-manylinux_2_27_x86_64.manylinux_2_28_x86_64.whl", hash = "sha256:142552ea3e768048e0e8c832077a545ca07792631c59edaee925e3e67401c2a0"},
    {file = "duckdb-1.4.1-cp312-cp312-win_amd64.whl", hash = "sha256:567f3b3a785a9e8650612461893c49ca799661d2345a6024dda48324ece89ded"},
    {file = "duckdb-1.4.1-cp313-cp313-macosx_10_13_universal2.whl", hash = "sha256:46496a2518752ae0c6c5d75d4cdecf56ea23dd098746391176dd8e42cf157791"},
    {file = "duckdb-1.4.1-cp313-cp313-macosx_10_13_x86_64.whl", hash = "sha256:1c65ae7e9b541cea07d8075343bcfebdecc29a3c0481aa6078ee63d51951cfcd"},
    {file = "duckdb-1.4.1-cp313-cp313-macosx_11_0_arm64.whl", hash = "sha256:598d1a314e34b65d9399ddd066ccce1eeab6a60a2ef5885a84ce5ed62dbaf729"},
    {file = "duckdb-1.4.1-cp313-cp313-manylinux_2_27_aarch64.manylinux_2_28_aarch64.whl", hash = "sha256:e2f16b8def782d484a9f035fc422bb6f06941ed0054b4511ddcdc514a7fb6a75"},
    {file = "duckdb-1.4.1-cp313-cp313-manylinux_2_27_x86_64.manylinux_2_28_x86_64.whl", hash = "sha256:a5a7d0aed068a5c33622a8848857947cab5cfb3f2a315b1251849bac2c74c492"},
    {file = "duckdb-1.4.1-cp313-cp313-win_amd64.whl", hash = "sha256:280fd663dacdd12bb3c3bf41f3e5b2e5b95e00b88120afabb8b8befa5f335c6f"},
    {file = "duckdb-1.4.1-cp39-cp39-macosx_10_9_universal2.whl", hash = "sha256:04a31b3cf84d77ef02c9914567b5d63a43fc791b144655ee99581cd9f4949e63"},
    {file = "duckdb-1.4.1-cp39-cp39-macosx_10_9_x86_64.whl", hash = "sha256:c01c5f9d0657a26938d640aa8d8effa91cacf66195ed4787824e6d5537bcaf21"},
    {file = "duckdb-1.4.1-cp39-cp39-macosx_11_0_arm64.whl", hash = "sha256:80c12239abb2a063abcd75dc052e9884b41060615735a532a6e3e8390eee7f70"},
    {file = "duckdb-1.4.1-cp39-cp39-manylinux_2_27_aarch64.manylinux_2_28_aarch64.whl", hash = "sha256:4b96d16a10256d05d818b34903243681764b6afc98f7d50b1ae60d23aa1f1f9e"},
    {file = "duckdb-1.4.1-cp39-cp39-manylinux_2_27_x86_64.manylinux_2_28_x86_64.whl", hash = "sha256:e8aa4a4298a6a627599f6606c7bedfe77309c1fb05a606af48e0e72333861ef4"},
    {file = "duckdb-1.4.1-cp39-cp39-win_amd64.whl", hash = "sha256:09d152dd4ab24a5984cd289b553e142980b3f029292cdda29e34303c75138de6"},
    {file = "duckdb-1.4.1.tar.gz", hash = "sha256:f903882f045d057ebccad12ac69975952832edfe133697694854bb784b8d6c76"},
]

[package.extras]
all = ["adbc-driver-manager", "fsspec", "ipython", "numpy", "pandas", "pyarrow"]

[[package]]
name = "python-ulid"
version = "3.1.0"
description = "Universally unique lexicographically sortable identifier"
optional = false
python-versions = ">=3.9"
files = [
    {file = "python_ulid-3.1.0-py3-none-any.whl", hash = "sha256:e2cdc979c8c877029b4b7a38a6fba3bc4578e4f109a308419ff4d3ccf0a46619"},
    {file = "python_ulid-3.1.0.tar.gz", hash = "sha256:ff0410a598bc5f6b01b602851a3296ede6f91389f913a5d5f8c496003836f636"},
]

[package.extras]
pydantic = ["pydantic (>=2.0)"]

[metadata]
lock-version = "2.0"
python-versions = "^3.11.2"
content-hash = "213255b4767dd5af0a22634eb81bd2e5e5b1088850a015f5f8f97c7890bea82a"
